
Microsoft Visual Studio Solution File, Format Version 12.00
# Visual Studio Version 16
VisualStudioVersion = 16.0.30309.148
MinimumVisualStudioVersion = 10.0.40219.1
Project("{9A19103F-16F7-4668-BE54-9A1E7A4F7556}") = "OpportunitiesDraft1", "OpportunitiesDraft1.csproj", "{9484809E-47CF-474B-9BC8-493DF60888B9}"
EndProject
Global
	GlobalSection(SolutionConfigurationPlatforms) = preSolution
		Debug|Any CPU = Debug|Any CPU
		Release|Any CPU = Release|Any CPU
	EndGlobalSection
	GlobalSection(ProjectConfigurationPlatforms) = postSolution
		{9484809E-47CF-474B-9BC8-493DF60888B9}.Debug|Any CPU.ActiveCfg = Debug|Any CPU
		{9484809E-47CF-474B-9BC8-493DF60888B9}.Debug|Any CPU.Build.0 = Debug|Any CPU
		{9484809E-47CF-474B-9BC8-493DF60888B9}.Release|Any CPU.ActiveCfg = Release|Any CPU
		{9484809E-47CF-474B-9BC8-493DF60888B9}.Release|Any CPU.Build.0 = Release|Any CPU
	EndGlobalSection
	GlobalSection(SolutionProperties) = preSolution
		HideSolutionNode = FALSE
	EndGlobalSection
	GlobalSection(ExtensibilityGlobals) = postSolution
		SolutionGuid = {7B2AFD5D-E94B-4751-B344-A4E10EC1422D}
	EndGlobalSection
EndGlobal
